
Microsoft Visual Studio Solution File, Format Version 12.00
# Visual Studio Version 17
VisualStudioVersion = 17.6.33815.320
MinimumVisualStudioVersion = 10.0.40219.1
Project("{FAE04EC0-301F-11D3-BF4B-00C04F79EFBC}") = "timeToKilometer", "timeToKilometer\timeToKilometer.csproj", "{693CAC73-C81F-4907-A3B7-E16A18DDE028}"
EndProject
Global
	GlobalSection(SolutionConfigurationPlatforms) = preSolution
		Debug|Any CPU = Debug|Any CPU
		Release|Any CPU = Release|Any CPU
	EndGlobalSection
	GlobalSection(ProjectConfigurationPlatforms) = postSolution
		{693CAC73-C81F-4907-A3B7-E16A18DDE028}.Debug|Any CPU.ActiveCfg = Debug|Any CPU
		{693CAC73-C81F-4907-A3B7-E16A18DDE028}.Debug|Any CPU.Build.0 = Debug|Any CPU
		{693CAC73-C81F-4907-A3B7-E16A18DDE028}.Release|Any CPU.ActiveCfg = Release|Any CPU
		{693CAC73-C81F-4907-A3B7-E16A18DDE028}.Release|Any CPU.Build.0 = Release|Any CPU
	EndGlobalSection
	GlobalSection(SolutionProperties) = preSolution
		HideSolutionNode = FALSE
	EndGlobalSection
	GlobalSection(ExtensibilityGlobals) = postSolution
		SolutionGuid = {5818C022-C671-4AF3-831E-94ED0FBB16A9}
	EndGlobalSection
EndGlobal
